
Microsoft Visual Studio Solution File, Format Version 12.00
# Visual Studio Version 17
VisualStudioVersion = 17.9.34622.214
MinimumVisualStudioVersion = 10.0.40219.1
Project("{9A19103F-16F7-4668-BE54-9A1E7A4F7556}") = "AutoRecon.Domain", "AutoRecon.Domain\AutoRecon.Domain.csproj", "{11693201-1727-44A0-A2A9-DA2BF22017BD}"
EndProject
Project("{9A19103F-16F7-4668-BE54-9A1E7A4F7556}") = "AutoRecon.Application", "AutoRecon.Application\AutoRecon.Application.csproj", "{8696D85B-C804-4EE4-B240-3B143D58B762}"
EndProject
Project("{9A19103F-16F7-4668-BE54-9A1E7A4F7556}") = "AutoRecon.Infrastructure", "AutoRecon.Infrastructure\AutoRecon.Infrastructure.csproj", "{214013BC-E089-4D4F-A8B8-E0D3DDD90C41}"
EndProject
Project("{9A19103F-16F7-4668-BE54-9A1E7A4F7556}") = "AutoRecon.Console", "AutoRecon.Console\AutoRecon.Console.csproj", "{467313EE-5B2D-48E5-8D2E-5FFF980B7857}"
EndProject
Project("{FAE04EC0-301F-11D3-BF4B-00C04F79EFBC}") = "AutoRecon.WebUI", "AutoRecon.WebUI\AutoRecon.WebUI.csproj", "{D01E0BFF-25FF-4762-84F5-252BB694E4F2}"
EndProject
Global
	GlobalSection(SolutionConfigurationPlatforms) = preSolution
		Debug|Any CPU = Debug|Any CPU
		Release|Any CPU = Release|Any CPU
	EndGlobalSection
	GlobalSection(ProjectConfigurationPlatforms) = postSolution
		{11693201-1727-44A0-A2A9-DA2BF22017BD}.Debug|Any CPU.ActiveCfg = Debug|Any CPU
		{11693201-1727-44A0-A2A9-DA2BF22017BD}.Debug|Any CPU.Build.0 = Debug|Any CPU
		{11693201-1727-44A0-A2A9-DA2BF22017BD}.Release|Any CPU.ActiveCfg = Release|Any CPU
		{11693201-1727-44A0-A2A9-DA2BF22017BD}.Release|Any CPU.Build.0 = Release|Any CPU
		{8696D85B-C804-4EE4-B240-3B143D58B762}.Debug|Any CPU.ActiveCfg = Debug|Any CPU
		{8696D85B-C804-4EE4-B240-3B143D58B762}.Debug|Any CPU.Build.0 = Debug|Any CPU
		{8696D85B-C804-4EE4-B240-3B143D58B762}.Release|Any CPU.ActiveCfg = Release|Any CPU
		{8696D85B-C804-4EE4-B240-3B143D58B762}.Release|Any CPU.Build.0 = Release|Any CPU
		{214013BC-E089-4D4F-A8B8-E0D3DDD90C41}.Debug|Any CPU.ActiveCfg = Debug|Any CPU
		{214013BC-E089-4D4F-A8B8-E0D3DDD90C41}.Debug|Any CPU.Build.0 = Debug|Any CPU
		{214013BC-E089-4D4F-A8B8-E0D3DDD90C41}.Release|Any CPU.ActiveCfg = Release|Any CPU
		{214013BC-E089-4D4F-A8B8-E0D3DDD90C41}.Release|Any CPU.Build.0 = Release|Any CPU
		{467313EE-5B2D-48E5-8D2E-5FFF980B7857}.Debug|Any CPU.ActiveCfg = Debug|Any CPU
		{467313EE-5B2D-48E5-8D2E-5FFF980B7857}.Debug|Any CPU.Build.0 = Debug|Any CPU
		{467313EE-5B2D-48E5-8D2E-5FFF980B7857}.Release|Any CPU.ActiveCfg = Release|Any CPU
		{467313EE-5B2D-48E5-8D2E-5FFF980B7857}.Release|Any CPU.Build.0 = Release|Any CPU
		{D01E0BFF-25FF-4762-84F5-252BB694E4F2}.Debug|Any CPU.ActiveCfg = Debug|Any CPU
		{D01E0BFF-25FF-4762-84F5-252BB694E4F2}.Debug|Any CPU.Build.0 = Debug|Any CPU
		{D01E0BFF-25FF-4762-84F5-252BB694E4F2}.Release|Any CPU.ActiveCfg = Release|Any CPU
		{D01E0BFF-25FF-4762-84F5-252BB694E4F2}.Release|Any CPU.Build.0 = Release|Any CPU
	EndGlobalSection
	GlobalSection(SolutionProperties) = preSolution
		HideSolutionNode = FALSE
	EndGlobalSection
	GlobalSection(ExtensibilityGlobals) = postSolution
		SolutionGuid = {CAA87FBA-E868-4B4B-83F9-4B9E157C616E}
	EndGlobalSection
EndGlobal
